
Microsoft Visual Studio Solution File, Format Version 12.00
# Visual Studio 2013
VisualStudioVersion = 12.0.21005.1
MinimumVisualStudioVersion = 10.0.40219.1
Project("{FAE04EC0-301F-11D3-BF4B-00C04F79EFBC}") = "RawInput", "RawInput\RawInput.csproj", "{89E8CE1C-7774-4F4A-9F7E-A908518B4A56}"
EndProject
Project("{FAE04EC0-301F-11D3-BF4B-00C04F79EFBC}") = "RawInput.Test", "RawInput.Test\RawInput.Test.csproj", "{EC0A4EC5-23A0-4A63-B2E9-8746ADFA5948}"
EndProject
Global
	GlobalSection(SolutionConfigurationPlatforms) = preSolution
		Debug|Any CPU = Debug|Any CPU
		Release|Any CPU = Release|Any CPU
	EndGlobalSection
	GlobalSection(ProjectConfigurationPlatforms) = postSolution
		{89E8CE1C-7774-4F4A-9F7E-A908518B4A56}.Debug|Any CPU.ActiveCfg = Debug|Any CPU
		{89E8CE1C-7774-4F4A-9F7E-A908518B4A56}.Debug|Any CPU.Build.0 = Debug|Any CPU
		{89E8CE1C-7774-4F4A-9F7E-A908518B4A56}.Release|Any CPU.ActiveCfg = Release|Any CPU
		{89E8CE1C-7774-4F4A-9F7E-A908518B4A56}.Release|Any CPU.Build.0 = Release|Any CPU
		{EC0A4EC5-23A0-4A63-B2E9-8746ADFA5948}.Debug|Any CPU.ActiveCfg = Debug|Any CPU
		{EC0A4EC5-23A0-4A63-B2E9-8746ADFA5948}.Debug|Any CPU.Build.0 = Debug|Any CPU
		{EC0A4EC5-23A0-4A63-B2E9-8746ADFA5948}.Release|Any CPU.ActiveCfg = Release|Any CPU
		{EC0A4EC5-23A0-4A63-B2E9-8746ADFA5948}.Release|Any CPU.Build.0 = Release|Any CPU
	EndGlobalSection
	GlobalSection(SolutionProperties) = preSolution
		HideSolutionNode = FALSE
	EndGlobalSection
EndGlobal
